// !$*UTF8*$!
{
	archiveVersion = 1;
	classes = {
	};
	objectVersion = 46;
	objects = {

/* Begin PBXBuildFile section */
		F55B058D171E9C710070E67B /* 倾城.mp3 in Resources */ = {isa = PBXBuildFile; fileRef = F55B058B171E9C710070E67B /* 倾城.mp3 */; };
		F55B058E171E9C710070E67B /* 倾城.lrc in Resources */ = {isa = PBXBuildFile; fileRef = F55B058C171E9C710070E67B /* 倾城.lrc */; };
		F55B0590171EE3240070E67B /* back2.png in Resources */ = {isa = PBXBuildFile; fileRef = F55B058F171EE3240070E67B /* back2.png */; };
		F55B0592171EE3F50070E67B /* back3.png in Resources */ = {isa = PBXBuildFile; fileRef = F55B0591171EE3F50070E67B /* back3.png */; };
		F5D03A62171BF89C00E43559 /* UIKit.framework in Frameworks */ = {isa = PBXBuildFile; fileRef = F5D03A61171BF89C00E43559 /* UIKit.framework */; };
		F5D03A64171BF89C00E43559 /* Foundation.framework in Frameworks */ = {isa = PBXBuildFile; fileRef = F5D03A63171BF89C00E43559 /* Foundation.framework */; };
		F5D03A66171BF89C00E43559 /* CoreGraphics.framework in Frameworks */ = {isa = PBXBuildFile; fileRef = F5D03A65171BF89C00E43559 /* CoreGraphics.framework */; };
		F5D03A6C171BF89C00E43559 /* InfoPlist.strings in Resources */ = {isa = PBXBuildFile; fileRef = F5D03A6A171BF89C00E43559 /* InfoPlist.strings */; };
		F5D03A6E171BF89C00E43559 /* main.m in Sources */ = {isa = PBXBuildFile; fileRef = F5D03A6D171BF89C00E43559 /* main.m */; };
		F5D03A72171BF89C00E43559 /* MusicAppDelegate.m in Sources */ = {isa = PBXBuildFile; fileRef = F5D03A71171BF89C00E43559 /* MusicAppDelegate.m */; };
		F5D03A74171BF89C00E43559 /* Default.png in Resources */ = {isa = PBXBuildFile; fileRef = F5D03A73171BF89C00E43559 /* Default.png */; };
		F5D03A76171BF89C00E43559 /* Default@2x.png in Resources */ = {isa = PBXBuildFile; fileRef = F5D03A75171BF89C00E43559 /* Default@2x.png */; };
		F5D03A78171BF89C00E43559 /* Default-568h@2x.png in Resources */ = {isa = PBXBuildFile; fileRef = F5D03A77171BF89C00E43559 /* Default-568h@2x.png */; };
		F5D03A7E171BF89C00E43559 /* MusicViewController.xib in Resources */ = {isa = PBXBuildFile; fileRef = F5D03A7C171BF89C00E43559 /* MusicViewController.xib */; };
		F5D03A92171BFA8200E43559 /* back.png in Resources */ = {isa = PBXBuildFile; fileRef = F5D03A85171BFA8200E43559 /* back.png */; };
		F5D03A93171BFA8200E43559 /* background.png in Resources */ = {isa = PBXBuildFile; fileRef = F5D03A86171BFA8200E43559 /* background.png */; };
		F5D03A96171BFA8200E43559 /* forward.png in Resources */ = {isa = PBXBuildFile; fileRef = F5D03A89171BFA8200E43559 /* forward.png */; };
		F5D03A99171BFA8200E43559 /* pause.png in Resources */ = {isa = PBXBuildFile; fileRef = F5D03A8C171BFA8200E43559 /* pause.png */; };
		F5D03A9A171BFA8200E43559 /* play.png in Resources */ = {isa = PBXBuildFile; fileRef = F5D03A8D171BFA8200E43559 /* play.png */; };
		F5D03A9C171BFA8200E43559 /* soundoff.png in Resources */ = {isa = PBXBuildFile; fileRef = F5D03A8F171BFA8200E43559 /* soundoff.png */; };
		F5D03A9D171BFA8200E43559 /* soundon.png in Resources */ = {isa = PBXBuildFile; fileRef = F5D03A90171BFA8200E43559 /* soundon.png */; };
		F5D03A9E171BFA8200E43559 /* stop.png in Resources */ = {isa = PBXBuildFile; fileRef = F5D03A91171BFA8200E43559 /* stop.png */; };
		F5D03AA0171C028800E43559 /* AVFoundation.framework in Frameworks */ = {isa = PBXBuildFile; fileRef = F5D03A9F171C028800E43559 /* AVFoundation.framework */; };
		F5D03AA3171C041C00E43559 /* Music.m in Sources */ = {isa = PBXBuildFile; fileRef = F5D03AA2171C041C00E43559 /* Music.m */; };
		F5D03AAB171C452100E43559 /* list.png in Resources */ = {isa = PBXBuildFile; fileRef = F5D03AAA171C452100E43559 /* list.png */; };
		F5D03ABB171D6A8E00E43559 /* MusicViewController.m in Sources */ = {isa = PBXBuildFile; fileRef = F5D03ABA171D6A8E00E43559 /* MusicViewController.m */; };
		F5D03AC0171D6B4800E43559 /* Goodgirl.lrc in Resources */ = {isa = PBXBuildFile; fileRef = F5D03ABC171D6B4800E43559 /* Goodgirl.lrc */; };
		F5D03AC1171D6B4800E43559 /* Goodgirl.mp3 in Resources */ = {isa = PBXBuildFile; fileRef = F5D03ABD171D6B4800E43559 /* Goodgirl.mp3 */; };
		F5D03AC6171D9C5B00E43559 /* 没离开过.lrc in Resources */ = {isa = PBXBuildFile; fileRef = F5D03AC4171D9C5B00E43559 /* 没离开过.lrc */; };
		F5D03AC7171D9C5B00E43559 /* 没离开过.mp3 in Resources */ = {isa = PBXBuildFile; fileRef = F5D03AC5171D9C5B00E43559 /* 没离开过.mp3 */; };
/* End PBXBuildFile section */

/* Begin PBXFileReference section */
		F55B058B171E9C710070E67B /* 倾城.mp3 */ = {isa = PBXFileReference; lastKnownFileType = audio.mp3; path = "倾城.mp3"; sourceTree = "<group>"; };
		F55B058C171E9C710070E67B /* 倾城.lrc */ = {isa = PBXFileReference; fileEncoding = 4; lastKnownFileType = text; path = "倾城.lrc"; sourceTree = "<group>"; };
		F55B058F171EE3240070E67B /* back2.png */ = {isa = PBXFileReference; lastKnownFileType = image.png; path = back2.png; sourceTree = "<group>"; };
		F55B0591171EE3F50070E67B /* back3.png */ = {isa = PBXFileReference; lastKnownFileType = image.png; path = back3.png; sourceTree = "<group>"; };
		F5D03A5E171BF89C00E43559 /* Music.app */ = {isa = PBXFileReference; explicitFileType = wrapper.application; includeInIndex = 0; path = Music.app; sourceTree = BUILT_PRODUCTS_DIR; };
		F5D03A61171BF89C00E43559 /* UIKit.framework */ = {isa = PBXFileReference; lastKnownFileType = wrapper.framework; name = UIKit.framework; path = System/Library/Frameworks/UIKit.framework; sourceTree = SDKROOT; };
		F5D03A63171BF89C00E43559 /* Foundation.framework */ = {isa = PBXFileReference; lastKnownFileType = wrapper.framework; name = Foundation.framework; path = System/Library/Frameworks/Foundation.framework; sourceTree = SDKROOT; };
		F5D03A65171BF89C00E43559 /* CoreGraphics.framework */ = {isa = PBXFileReference; lastKnownFileType = wrapper.framework; name = CoreGraphics.framework; path = System/Library/Frameworks/CoreGraphics.framework; sourceTree = SDKROOT; };
		F5D03A69171BF89C00E43559 /* Music-Info.plist */ = {isa = PBXFileReference; lastKnownFileType = text.plist.xml; path = "Music-Info.plist"; sourceTree = "<group>"; };
		F5D03A6B171BF89C00E43559 /* en */ = {isa = PBXFileReference; lastKnownFileType = text.plist.strings; name = en; path = en.lproj/InfoPlist.strings; sourceTree = "<group>"; };
		F5D03A6D171BF89C00E43559 /* main.m */ = {isa = PBXFileReference; lastKnownFileType = sourcecode.c.objc; path = main.m; sourceTree = "<group>"; };
		F5D03A6F171BF89C00E43559 /* Music-Prefix.pch */ = {isa = PBXFileReference; lastKnownFileType = sourcecode.c.h; path = "Music-Prefix.pch"; sourceTree = "<group>"; };
		F5D03A70171BF89C00E43559 /* MusicAppDelegate.h */ = {isa = PBXFileReference; lastKnownFileType = sourcecode.c.h; path = MusicAppDelegate.h; sourceTree = "<group>"; };
		F5D03A71171BF89C00E43559 /* MusicAppDelegate.m */ = {isa = PBXFileReference; lastKnownFileType = sourcecode.c.objc; path = MusicAppDelegate.m; sourceTree = "<group>"; };
		F5D03A73171BF89C00E43559 /* Default.png */ = {isa = PBXFileReference; lastKnownFileType = image.png; path = Default.png; sourceTree = "<group>"; };
		F5D03A75171BF89C00E43559 /* Default@2x.png */ = {isa = PBXFileReference; lastKnownFileType = image.png; path = "Default@2x.png"; sourceTree = "<group>"; };
		F5D03A77171BF89C00E43559 /* Default-568h@2x.png */ = {isa = PBXFileReference; lastKnownFileType = image.png; path = "Default-568h@2x.png"; sourceTree = "<group>"; };
		F5D03A79171BF89C00E43559 /* MusicViewController.h */ = {isa = PBXFileReference; lastKnownFileType = sourcecode.c.h; path = MusicViewController.h; sourceTree = "<group>"; };
		F5D03A7D171BF89C00E43559 /* en */ = {isa = PBXFileReference; lastKnownFileType = file.xib; name = en; path = en.lproj/MusicViewController.xib; sourceTree = "<group>"; };
		F5D03A85171BFA8200E43559 /* back.png */ = {isa = PBXFileReference; lastKnownFileType = image.png; path = back.png; sourceTree = "<group>"; };
		F5D03A86171BFA8200E43559 /* background.png */ = {isa = PBXFileReference; lastKnownFileType = image.png; path = background.png; sourceTree = "<group>"; };
		F5D03A89171BFA8200E43559 /* forward.png */ = {isa = PBXFileReference; lastKnownFileType = image.png; path = forward.png; sourceTree = "<group>"; };
		F5D03A8C171BFA8200E43559 /* pause.png */ = {isa = PBXFileReference; lastKnownFileType = image.png; path = pause.png; sourceTree = "<group>"; };
		F5D03A8D171BFA8200E43559 /* play.png */ = {isa = PBXFileReference; lastKnownFileType = image.png; path = play.png; sourceTree = "<group>"; };
		F5D03A8F171BFA8200E43559 /* soundoff.png */ = {isa = PBXFileReference; lastKnownFileType = image.png; path = soundoff.png; sourceTree = "<group>"; };
		F5D03A90171BFA8200E43559 /* soundon.png */ = {isa = PBXFileReference; lastKnownFileType = image.png; path = soundon.png; sourceTree = "<group>"; };
		F5D03A91171BFA8200E43559 /* stop.png */ = {isa = PBXFileReference; lastKnownFileType = image.png; path = stop.png; sourceTree = "<group>"; };
		F5D03A9F171C028800E43559 /* AVFoundation.framework */ = {isa = PBXFileReference; lastKnownFileType = wrapper.framework; name = AVFoundation.framework; path = System/Library/Frameworks/AVFoundation.framework; sourceTree = SDKROOT; };
		F5D03AA1171C041C00E43559 /* Music.h */ = {isa = PBXFileReference; fileEncoding = 4; lastKnownFileType = sourcecode.c.h; path = Music.h; sourceTree = "<group>"; };
		F5D03AA2171C041C00E43559 /* Music.m */ = {isa = PBXFileReference; fileEncoding = 4; lastKnownFileType = sourcecode.c.objc; path = Music.m; sourceTree = "<group>"; };
		F5D03AAA171C452100E43559 /* list.png */ = {isa = PBXFileReference; lastKnownFileType = image.png; path = list.png; sourceTree = "<group>"; };
		F5D03ABA171D6A8E00E43559 /* MusicViewController.m */ = {isa = PBXFileReference; fileEncoding = 4; lastKnownFileType = sourcecode.c.objc; path = MusicViewController.m; sourceTree = "<group>"; };
		F5D03ABC171D6B4800E43559 /* Goodgirl.lrc */ = {isa = PBXFileReference; fileEncoding = 4; lastKnownFileType = text; path = Goodgirl.lrc; sourceTree = "<group>"; };
		F5D03ABD171D6B4800E43559 /* Goodgirl.mp3 */ = {isa = PBXFileReference; lastKnownFileType = audio.mp3; path = Goodgirl.mp3; sourceTree = "<group>"; };
		F5D03AC4171D9C5B00E43559 /* 没离开过.lrc */ = {isa = PBXFileReference; fileEncoding = 4; lastKnownFileType = text; path = "没离开过.lrc"; sourceTree = "<group>"; };
		F5D03AC5171D9C5B00E43559 /* 没离开过.mp3 */ = {isa = PBXFileReference; lastKnownFileType = audio.mp3; path = "没离开过.mp3"; sourceTree = "<group>"; };
/* End PBXFileReference section */

/* Begin PBXFrameworksBuildPhase section */
		F5D03A5B171BF89C00E43559 /* Frameworks */ = {
			isa = PBXFrameworksBuildPhase;
			buildActionMask = 2147483647;
			files = (
				F5D03AA0171C028800E43559 /* AVFoundation.framework in Frameworks */,
				F5D03A62171BF89C00E43559 /* UIKit.framework in Frameworks */,
				F5D03A64171BF89C00E43559 /* Foundation.framework in Frameworks */,
				F5D03A66171BF89C00E43559 /* CoreGraphics.framework in Frameworks */,
			);
			runOnlyForDeploymentPostprocessing = 0;
		};
/* End PBXFrameworksBuildPhase section */

/* Begin PBXGroup section */
		F5D03A55171BF89C00E43559 = {
			isa = PBXGroup;
			children = (
				F5D03AA1171C041C00E43559 /* Music.h */,
				F5D03AA2171C041C00E43559 /* Music.m */,
				F5D03A84171BFA6100E43559 /* backgroudimg */,
				F5D03A67171BF89C00E43559 /* Music */,
				F5D03A60171BF89C00E43559 /* Frameworks */,
				F5D03A5F171BF89C00E43559 /* Products */,
			);
			sourceTree = "<group>";
		};
		F5D03A5F171BF89C00E43559 /* Products */ = {
			isa = PBXGroup;
			children = (
				F5D03A5E171BF89C00E43559 /* Music.app */,
			);
			name = Products;
			sourceTree = "<group>";
		};
		F5D03A60171BF89C00E43559 /* Frameworks */ = {
			isa = PBXGroup;
			children = (
				F5D03A9F171C028800E43559 /* AVFoundation.framework */,
				F5D03A61171BF89C00E43559 /* UIKit.framework */,
				F5D03A63171BF89C00E43559 /* Foundation.framework */,
				F5D03A65171BF89C00E43559 /* CoreGraphics.framework */,
			);
			name = Frameworks;
			sourceTree = "<group>";
		};
		F5D03A67171BF89C00E43559 /* Music */ = {
			isa = PBXGroup;
			children = (
				F5D03A70171BF89C00E43559 /* MusicAppDelegate.h */,
				F5D03A71171BF89C00E43559 /* MusicAppDelegate.m */,
				F5D03A79171BF89C00E43559 /* MusicViewController.h */,
				F5D03ABA171D6A8E00E43559 /* MusicViewController.m */,
				F5D03A7C171BF89C00E43559 /* MusicViewController.xib */,
				F5D03A68171BF89C00E43559 /* Supporting Files */,
			);
			path = Music;
			sourceTree = "<group>";
		};
		F5D03A68171BF89C00E43559 /* Supporting Files */ = {
			isa = PBXGroup;
			children = (
				F5D03A69171BF89C00E43559 /* Music-Info.plist */,
				F5D03A6A171BF89C00E43559 /* InfoPlist.strings */,
				F5D03A6D171BF89C00E43559 /* main.m */,
				F5D03A6F171BF89C00E43559 /* Music-Prefix.pch */,
				F5D03A73171BF89C00E43559 /* Default.png */,
				F5D03A75171BF89C00E43559 /* Default@2x.png */,
				F5D03A77171BF89C00E43559 /* Default-568h@2x.png */,
			);
			name = "Supporting Files";
			sourceTree = "<group>";
		};
		F5D03A84171BFA6100E43559 /* backgroudimg */ = {
			isa = PBXGroup;
			children = (
				F5D03A85171BFA8200E43559 /* back.png */,
				F5D03A86171BFA8200E43559 /* background.png */,
				F5D03ABC171D6B4800E43559 /* Goodgirl.lrc */,
				F5D03ABD171D6B4800E43559 /* Goodgirl.mp3 */,
				F55B058B171E9C710070E67B /* 倾城.mp3 */,
				F55B058F171EE3240070E67B /* back2.png */,
				F55B0591171EE3F50070E67B /* back3.png */,
				F55B058C171E9C710070E67B /* 倾城.lrc */,
				F5D03AC4171D9C5B00E43559 /* 没离开过.lrc */,
				F5D03AC5171D9C5B00E43559 /* 没离开过.mp3 */,
				F5D03A89171BFA8200E43559 /* forward.png */,
				F5D03AAA171C452100E43559 /* list.png */,
				F5D03A8C171BFA8200E43559 /* pause.png */,
				F5D03A8D171BFA8200E43559 /* play.png */,
				F5D03A8F171BFA8200E43559 /* soundoff.png */,
				F5D03A90171BFA8200E43559 /* soundon.png */,
				F5D03A91171BFA8200E43559 /* stop.png */,
			);
			name = backgroudimg;
			sourceTree = "<group>";
		};
/* End PBXGroup section */

/* Begin PBXNativeTarget section */
		F5D03A5D171BF89C00E43559 /* Music */ = {
			isa = PBXNativeTarget;
			buildConfigurationList = F5D03A81171BF89C00E43559 /* Build configuration list for PBXNativeTarget "Music" */;
			buildPhases = (
				F5D03A5A171BF89C00E43559 /* Sources */,
				F5D03A5B171BF89C00E43559 /* Frameworks */,
				F5D03A5C171BF89C00E43559 /* Resources */,
			);
			buildRules = (
			);
			dependencies = (
			);
			name = Music;
			productName = Music;
			productReference = F5D03A5E171BF89C00E43559 /* Music.app */;
			productType = "com.apple.product-type.application";
		};
/* End PBXNativeTarget section */

/* Begin PBXProject section */
		F5D03A56171BF89C00E43559 /* Project object */ = {
			isa = PBXProject;
			attributes = {
				CLASSPREFIX = Music;
				LastUpgradeCheck = 0460;
				ORGANIZATIONNAME = loveuu;
			};
			buildConfigurationList = F5D03A59171BF89C00E43559 /* Build configuration list for PBXProject "Music" */;
			compatibilityVersion = "Xcode 3.2";
			developmentRegion = English;
			hasScannedForEncodings = 0;
			knownRegions = (
				en,
			);
			mainGroup = F5D03A55171BF89C00E43559;
			productRefGroup = F5D03A5F171BF89C00E43559 /* Products */;
			projectDirPath = "";
			projectRoot = "";
			targets = (
				F5D03A5D171BF89C00E43559 /* Music */,
			);
		};
/* End PBXProject section */

/* Begin PBXResourcesBuildPhase section */
		F5D03A5C171BF89C00E43559 /* Resources */ = {
			isa = PBXResourcesBuildPhase;
			buildActionMask = 2147483647;
			files = (
				F5D03A6C171BF89C00E43559 /* InfoPlist.strings in Resources */,
				F5D03A74171BF89C00E43559 /* Default.png in Resources */,
				F5D03A76171BF89C00E43559 /* Default@2x.png in Resources */,
				F5D03A78171BF89C00E43559 /* Default-568h@2x.png in Resources */,
				F5D03A7E171BF89C00E43559 /* MusicViewController.xib in Resources */,
				F5D03A92171BFA8200E43559 /* back.png in Resources */,
				F5D03A93171BFA8200E43559 /* background.png in Resources */,
				F5D03A96171BFA8200E43559 /* forward.png in Resources */,
				F5D03A99171BFA8200E43559 /* pause.png in Resources */,
				F5D03A9A171BFA8200E43559 /* play.png in Resources */,
				F5D03A9C171BFA8200E43559 /* soundoff.png in Resources */,
				F5D03A9D171BFA8200E43559 /* soundon.png in Resources */,
				F5D03A9E171BFA8200E43559 /* stop.png in Resources */,
				F5D03AAB171C452100E43559 /* list.png in Resources */,
				F5D03AC0171D6B4800E43559 /* Goodgirl.lrc in Resources */,
				F5D03AC1171D6B4800E43559 /* Goodgirl.mp3 in Resources */,
				F5D03AC6171D9C5B00E43559 /* 没离开过.lrc in Resources */,
				F5D03AC7171D9C5B00E43559 /* 没离开过.mp3 in Resources */,
				F55B058D171E9C710070E67B /* 倾城.mp3 in Resources */,
				F55B058E171E9C710070E67B /* 倾城.lrc in Resources */,
				F55B0590171EE3240070E67B /* back2.png in Resources */,
				F55B0592171EE3F50070E67B /* back3.png in Resources */,
			);
			runOnlyForDeploymentPostprocessing = 0;
		};
/* End PBXResourcesBuildPhase section */

/* Begin PBXSourcesBuildPhase section */
		F5D03A5A171BF89C00E43559 /* Sources */ = {
			isa = PBXSourcesBuildPhase;
			buildActionMask = 2147483647;
			files = (
				F5D03A6E171BF89C00E43559 /* main.m in Sources */,
				F5D03A72171BF89C00E43559 /* MusicAppDelegate.m in Sources */,
				F5D03AA3171C041C00E43559 /* Music.m in Sources */,
				F5D03ABB171D6A8E00E43559 /* MusicViewController.m in Sources */,
			);
			runOnlyForDeploymentPostprocessing = 0;
		};
/* End PBXSourcesBuildPhase section */

/* Begin PBXVariantGroup section */
		F5D03A6A171BF89C00E43559 /* InfoPlist.strings */ = {
			isa = PBXVariantGroup;
			children = (
				F5D03A6B171BF89C00E43559 /* en */,
			);
			name = InfoPlist.strings;
			sourceTree = "<group>";
		};
		F5D03A7C171BF89C00E43559 /* MusicViewController.xib */ = {
			isa = PBXVariantGroup;
			children = (
				F5D03A7D171BF89C00E43559 /* en */,
			);
			name = MusicViewController.xib;
			sourceTree = "<group>";
		};
/* End PBXVariantGroup section */

/* Begin XCBuildConfiguration section */
		F5D03A7F171BF89C00E43559 /* Debug */ = {
			isa = XCBuildConfiguration;
			buildSettings = {
				ALWAYS_SEARCH_USER_PATHS = NO;
				CLANG_CXX_LANGUAGE_STANDARD = "gnu++0x";
				CLANG_CXX_LIBRARY = "libc++";
				CLANG_WARN_CONSTANT_CONVERSION = YES;
				CLANG_WARN_EMPTY_BODY = YES;
				CLANG_WARN_ENUM_CONVERSION = YES;
				CLANG_WARN_INT_CONVERSION = YES;
				CLANG_WARN__DUPLICATE_METHOD_MATCH = YES;
				"CODE_SIGN_IDENTITY[sdk=iphoneos*]" = "iPhone Developer";
				COPY_PHASE_STRIP = NO;
				GCC_C_LANGUAGE_STANDARD = gnu99;
				GCC_DYNAMIC_NO_PIC = NO;
				GCC_OPTIMIZATION_LEVEL = 0;
				GCC_PREPROCESSOR_DEFINITIONS = (
					"DEBUG=1",
					"$(inherited)",
				);
				GCC_SYMBOLS_PRIVATE_EXTERN = NO;
				GCC_WARN_ABOUT_RETURN_TYPE = YES;
				GCC_WARN_UNINITIALIZED_AUTOS = YES;
				GCC_WARN_UNUSED_VARIABLE = YES;
				IPHONEOS_DEPLOYMENT_TARGET = 6.1;
				ONLY_ACTIVE_ARCH = YES;
				SDKROOT = iphoneos;
			};
			name = Debug;
		};
		F5D03A80171BF89C00E43559 /* Release */ = {
			isa = XCBuildConfiguration;
			buildSettings = {
				ALWAYS_SEARCH_USER_PATHS = NO;
				CLANG_CXX_LANGUAGE_STANDARD = "gnu++0x";
				CLANG_CXX_LIBRARY = "libc++";
				CLANG_WARN_CONSTANT_CONVERSION = YES;
				CLANG_WARN_EMPTY_BODY = YES;
				CLANG_WARN_ENUM_CONVERSION = YES;
				CLANG_WARN_INT_CONVERSION = YES;
				CLANG_WARN__DUPLICATE_METHOD_MATCH = YES;
				"CODE_SIGN_IDENTITY[sdk=iphoneos*]" = "iPhone Developer";
				COPY_PHASE_STRIP = YES;
				GCC_C_LANGUAGE_STANDARD = gnu99;
				GCC_WARN_ABOUT_RETURN_TYPE = YES;
				GCC_WARN_UNINITIALIZED_AUTOS = YES;
				GCC_WARN_UNUSED_VARIABLE = YES;
				IPHONEOS_DEPLOYMENT_TARGET = 6.1;
				OTHER_CFLAGS = "-DNS_BLOCK_ASSERTIONS=1";
				SDKROOT = iphoneos;
				VALIDATE_PRODUCT = YES;
			};
			name = Release;
		};
		F5D03A82171BF89C00E43559 /* Debug */ = {
			isa = XCBuildConfiguration;
			buildSettings = {
				GCC_PRECOMPILE_PREFIX_HEADER = YES;
				GCC_PREFIX_HEADER = "Music/Music-Prefix.pch";
				INFOPLIST_FILE = "Music/Music-Info.plist";
				PRODUCT_NAME = "$(TARGET_NAME)";
				WRAPPER_EXTENSION = app;
			};
			name = Debug;
		};
		F5D03A83171BF89C00E43559 /* Release */ = {
			isa = XCBuildConfiguration;
			buildSettings = {
				GCC_PRECOMPILE_PREFIX_HEADER = YES;
				GCC_PREFIX_HEADER = "Music/Music-Prefix.pch";
				INFOPLIST_FILE = "Music/Music-Info.plist";
				PRODUCT_NAME = "$(TARGET_NAME)";
				WRAPPER_EXTENSION = app;
			};
			name = Release;
		};
/* End XCBuildConfiguration section */

/* Begin XCConfigurationList section */
		F5D03A59171BF89C00E43559 /* Build configuration list for PBXProject "Music" */ = {
			isa = XCConfigurationList;
			buildConfigurations = (
				F5D03A7F171BF89C00E43559 /* Debug */,
				F5D03A80171BF89C00E43559 /* Release */,
			);
			defaultConfigurationIsVisible = 0;
			defaultConfigurationName = Release;
		};
		F5D03A81171BF89C00E43559 /* Build configuration list for PBXNativeTarget "Music" */ = {
			isa = XCConfigurationList;
			buildConfigurations = (
				F5D03A82171BF89C00E43559 /* Debug */,
				F5D03A83171BF89C00E43559 /* Release */,
			);
			defaultConfigurationIsVisible = 0;
			defaultConfigurationName = Release;
		};
/* End XCConfigurationList section */
	};
	rootObject = F5D03A56171BF89C00E43559 /* Project object */;
}
